
Microsoft Visual Studio Solution File, Format Version 12.00
# Visual Studio Version 16
VisualStudioVersion = 16.0.31229.75
MinimumVisualStudioVersion = 10.0.40219.1
Project("{8BC9CEB8-8B4A-11D0-8D11-00A0C91BC942}") = "SK-Lib-math.h-cosh-Bagian9__C", "SK-Lib-math.h-cosh-Bagian9__C\SK-Lib-math.h-cosh-Bagian9__C.vcxproj", "{89F55384-E86B-4BE2-AEF0-BBB820A2486E}"
EndProject
Global
	GlobalSection(SolutionConfigurationPlatforms) = preSolution
		Debug|x64 = Debug|x64
		Debug|x86 = Debug|x86
		Release|x64 = Release|x64
		Release|x86 = Release|x86
	EndGlobalSection
	GlobalSection(ProjectConfigurationPlatforms) = postSolution
		{89F55384-E86B-4BE2-AEF0-BBB820A2486E}.Debug|x64.ActiveCfg = Debug|x64
		{89F55384-E86B-4BE2-AEF0-BBB820A2486E}.Debug|x64.Build.0 = Debug|x64
		{89F55384-E86B-4BE2-AEF0-BBB820A2486E}.Debug|x86.ActiveCfg = Debug|Win32
		{89F55384-E86B-4BE2-AEF0-BBB820A2486E}.Debug|x86.Build.0 = Debug|Win32
		{89F55384-E86B-4BE2-AEF0-BBB820A2486E}.Release|x64.ActiveCfg = Release|x64
		{89F55384-E86B-4BE2-AEF0-BBB820A2486E}.Release|x64.Build.0 = Release|x64
		{89F55384-E86B-4BE2-AEF0-BBB820A2486E}.Release|x86.ActiveCfg = Release|Win32
		{89F55384-E86B-4BE2-AEF0-BBB820A2486E}.Release|x86.Build.0 = Release|Win32
	EndGlobalSection
	GlobalSection(SolutionProperties) = preSolution
		HideSolutionNode = FALSE
	EndGlobalSection
	GlobalSection(ExtensibilityGlobals) = postSolution
		SolutionGuid = {41145D61-0CD6-4876-82A2-0C184B23070C}
	EndGlobalSection
EndGlobal
